{
  "requires": true,
  "lockfileVersion": 1,
  "dependencies": {
    "audio-buffer": {
      "version": "4.0.4",
      "resolved": "https://registry.npm.taobao.org/audio-buffer/download/audio-buffer-4.0.4.tgz",
      "integrity": "sha1-zbA4ValRocKTGsHnsAqdnTpNSFg=",
      "requires": {
        "audio-context": "^1.0.0"
      }
    },
    "audio-context": {
      "version": "1.0.3",
      "resolved": "https://registry.npm.taobao.org/audio-context/download/audio-context-1.0.3.tgz",
      "integrity": "sha1-quVjZpGozcFfyRBZcEy8fC+3q/k="
    }
  }
}
